
Microsoft Visual Studio Solution File, Format Version 12.00
Project("{F2A71F9B-5D33-465A-A702-920D77279786}") = "WeatherYOUcast", "WeatherYOUcast\WeatherYOUcast.fsproj", "{E30D8184-6DE5-4FD2-B3EA-AA0C54084E60}"
EndProject
Global
	GlobalSection(SolutionConfigurationPlatforms) = preSolution
		Debug|Any CPU = Debug|Any CPU
		Release|Any CPU = Release|Any CPU
	EndGlobalSection
	GlobalSection(ProjectConfigurationPlatforms) = postSolution
		{E30D8184-6DE5-4FD2-B3EA-AA0C54084E60}.Debug|Any CPU.ActiveCfg = Debug|Any CPU
		{E30D8184-6DE5-4FD2-B3EA-AA0C54084E60}.Debug|Any CPU.Build.0 = Debug|Any CPU
		{E30D8184-6DE5-4FD2-B3EA-AA0C54084E60}.Release|Any CPU.ActiveCfg = Release|Any CPU
		{E30D8184-6DE5-4FD2-B3EA-AA0C54084E60}.Release|Any CPU.Build.0 = Release|Any CPU
	EndGlobalSection
EndGlobal
